// !$*UTF8*$!
{
	archiveVersion = 1;
	classes = {
	};
	objectVersion = 55;
	objects = {

/* Begin PBXBuildFile section */
		93635850283AD51F004A02CE /* AppDelegate.swift in Sources */ = {isa = PBXBuildFile; fileRef = 9363584F283AD51F004A02CE /* AppDelegate.swift */; };
		93635852283AD51F004A02CE /* SceneDelegate.swift in Sources */ = {isa = PBXBuildFile; fileRef = 93635851283AD51F004A02CE /* SceneDelegate.swift */; };
		93635854283AD51F004A02CE /* ViewController.swift in Sources */ = {isa = PBXBuildFile; fileRef = 93635853283AD51F004A02CE /* ViewController.swift */; };
		93635857283AD51F004A02CE /* Main.storyboard in Resources */ = {isa = PBXBuildFile; fileRef = 93635855283AD51F004A02CE /* Main.storyboard */; };
		93635859283AD523004A02CE /* Assets.xcassets in Resources */ = {isa = PBXBuildFile; fileRef = 93635858283AD523004A02CE /* Assets.xcassets */; };
		9363585C283AD523004A02CE /* LaunchScreen.storyboard in Resources */ = {isa = PBXBuildFile; fileRef = 9363585A283AD523004A02CE /* LaunchScreen.storyboard */; };
		9363E0EA2857F149006F3953 /* SectionTitleView.swift in Sources */ = {isa = PBXBuildFile; fileRef = 9363E0E92857F149006F3953 /* SectionTitleView.swift */; };
		93EE18A1283F999600841F80 /* PlayListModel.swift in Sources */ = {isa = PBXBuildFile; fileRef = 93EE18A0283F999600841F80 /* PlayListModel.swift */; };
		93EE18A3283F9FC400841F80 /* VideoModel.swift in Sources */ = {isa = PBXBuildFile; fileRef = 93EE18A2283F9FC400841F80 /* VideoModel.swift */; };
		93EE18A62840D24500841F80 /* RootPageViewController.swift in Sources */ = {isa = PBXBuildFile; fileRef = 93EE18A52840D24500841F80 /* RootPageViewController.swift */; };
		93EE18A82840D28100841F80 /* MainViewController.swift in Sources */ = {isa = PBXBuildFile; fileRef = 93EE18A72840D28100841F80 /* MainViewController.swift */; };
		93EE18AC2840D4FA00841F80 /* HomeViewController.swift in Sources */ = {isa = PBXBuildFile; fileRef = 93EE18AA2840D4FA00841F80 /* HomeViewController.swift */; };
		93EE18AD2840D4FA00841F80 /* HomeViewController.xib in Resources */ = {isa = PBXBuildFile; fileRef = 93EE18AB2840D4FA00841F80 /* HomeViewController.xib */; };
		93EE18B32840D55200841F80 /* VideosViewController.swift in Sources */ = {isa = PBXBuildFile; fileRef = 93EE18B12840D55200841F80 /* VideosViewController.swift */; };
		93EE18B42840D55200841F80 /* VideosViewController.xib in Resources */ = {isa = PBXBuildFile; fileRef = 93EE18B22840D55200841F80 /* VideosViewController.xib */; };
		93EE18B82840D5B900841F80 /* PlayListViewController.swift in Sources */ = {isa = PBXBuildFile; fileRef = 93EE18B62840D5B900841F80 /* PlayListViewController.swift */; };
		93EE18B92840D5B900841F80 /* PlayListViewController.xib in Resources */ = {isa = PBXBuildFile; fileRef = 93EE18B72840D5B900841F80 /* PlayListViewController.xib */; };
		93EE18BD2840D61800841F80 /* ChannelsViewController.swift in Sources */ = {isa = PBXBuildFile; fileRef = 93EE18BB2840D61800841F80 /* ChannelsViewController.swift */; };
		93EE18BE2840D61800841F80 /* ChannelsViewController.xib in Resources */ = {isa = PBXBuildFile; fileRef = 93EE18BC2840D61800841F80 /* ChannelsViewController.xib */; };
		93EE18C22840D65500841F80 /* AboutViewController.swift in Sources */ = {isa = PBXBuildFile; fileRef = 93EE18C02840D65500841F80 /* AboutViewController.swift */; };
		93EE18C32840D65500841F80 /* AboutViewController.xib in Resources */ = {isa = PBXBuildFile; fileRef = 93EE18C12840D65500841F80 /* AboutViewController.xib */; };
		93EE18C62844FBBF00841F80 /* ServiceLayer.swift in Sources */ = {isa = PBXBuildFile; fileRef = 93EE18C52844FBBF00841F80 /* ServiceLayer.swift */; };
		93EE18C82844FBDC00841F80 /* NetworkError.swift in Sources */ = {isa = PBXBuildFile; fileRef = 93EE18C72844FBDC00841F80 /* NetworkError.swift */; };
		93EE18CA2844FC0900841F80 /* RequestModel.swift in Sources */ = {isa = PBXBuildFile; fileRef = 93EE18C92844FC0900841F80 /* RequestModel.swift */; };
		93EE18CD2844FEC900841F80 /* Constants.swift in Sources */ = {isa = PBXBuildFile; fileRef = 93EE18CC2844FEC900841F80 /* Constants.swift */; };
		93EE18D32845552B00841F80 /* HomeProvider.swift in Sources */ = {isa = PBXBuildFile; fileRef = 93EE18D22845552B00841F80 /* HomeProvider.swift */; };
		93EE18D52845577000841F80 /* HomePresenter.swift in Sources */ = {isa = PBXBuildFile; fileRef = 93EE18D42845577000841F80 /* HomePresenter.swift */; };
		93EE18D72845624600841F80 /* ChannelModel.swift in Sources */ = {isa = PBXBuildFile; fileRef = 93EE18D62845624600841F80 /* ChannelModel.swift */; };
		93EE18D9284564AE00841F80 /* PlayListItemModel.swift in Sources */ = {isa = PBXBuildFile; fileRef = 93EE18D8284564AE00841F80 /* PlayListItemModel.swift */; };
		93EE18DB2846726800841F80 /* HomeProviderMock.swift in Sources */ = {isa = PBXBuildFile; fileRef = 93EE18DA2846726800841F80 /* HomeProviderMock.swift */; };
		93EE18DE284672C200841F80 /* Helpers.swift in Sources */ = {isa = PBXBuildFile; fileRef = 93EE18DD284672C200841F80 /* Helpers.swift */; };
		93EE18E12846747200841F80 /* Channel.json in Resources */ = {isa = PBXBuildFile; fileRef = 93EE18E02846747200841F80 /* Channel.json */; };
		93EE18E32846749400841F80 /* PlayList.json in Resources */ = {isa = PBXBuildFile; fileRef = 93EE18E22846749400841F80 /* PlayList.json */; };
		93EE18E62846751400841F80 /* SearchVideos.json in Resources */ = {isa = PBXBuildFile; fileRef = 93EE18E52846751400841F80 /* SearchVideos.json */; };
		93EE18EA2846756100841F80 /* PlayListItems.json in Resources */ = {isa = PBXBuildFile; fileRef = 93EE18E92846756100841F80 /* PlayListItems.json */; };
		93EE18ED28467BE200841F80 /* MockManager.swift in Sources */ = {isa = PBXBuildFile; fileRef = 93EE18EC28467BE200841F80 /* MockManager.swift */; };
		93EE18F12848075F00841F80 /* ChannelCell.swift in Sources */ = {isa = PBXBuildFile; fileRef = 93EE18EF2848075F00841F80 /* ChannelCell.swift */; };
		93EE18F22848075F00841F80 /* ChannelCell.xib in Resources */ = {isa = PBXBuildFile; fileRef = 93EE18F02848075F00841F80 /* ChannelCell.xib */; };
		93EE18F5284807BD00841F80 /* VideoCell.swift in Sources */ = {isa = PBXBuildFile; fileRef = 93EE18F3284807BD00841F80 /* VideoCell.swift */; };
		93EE18F6284807BD00841F80 /* VideoCell.xib in Resources */ = {isa = PBXBuildFile; fileRef = 93EE18F4284807BD00841F80 /* VideoCell.xib */; };
		93EE18F9284807D500841F80 /* PlayListCell.swift in Sources */ = {isa = PBXBuildFile; fileRef = 93EE18F7284807D500841F80 /* PlayListCell.swift */; };
		93EE18FA284807D500841F80 /* PlayListCell.xib in Resources */ = {isa = PBXBuildFile; fileRef = 93EE18F8284807D500841F80 /* PlayListCell.xib */; };
		F8BA77C41EBEDB29F760DD45 /* Pods_YouTubeClone.framework in Frameworks */ = {isa = PBXBuildFile; fileRef = 9A9177D696DDC53DA1DD107A /* Pods_YouTubeClone.framework */; };
/* End PBXBuildFile section */

/* Begin PBXFileReference section */
		7F80DD3C90C160C57BBB88E5 /* Pods-YouTubeClone.debug.xcconfig */ = {isa = PBXFileReference; includeInIndex = 1; lastKnownFileType = text.xcconfig; name = "Pods-YouTubeClone.debug.xcconfig"; path = "Target Support Files/Pods-YouTubeClone/Pods-YouTubeClone.debug.xcconfig"; sourceTree = "<group>"; };
		9363584C283AD51F004A02CE /* YouTubeClone.app */ = {isa = PBXFileReference; explicitFileType = wrapper.application; includeInIndex = 0; path = YouTubeClone.app; sourceTree = BUILT_PRODUCTS_DIR; };
		9363584F283AD51F004A02CE /* AppDelegate.swift */ = {isa = PBXFileReference; lastKnownFileType = sourcecode.swift; path = AppDelegate.swift; sourceTree = "<group>"; };
		93635851283AD51F004A02CE /* SceneDelegate.swift */ = {isa = PBXFileReference; lastKnownFileType = sourcecode.swift; path = SceneDelegate.swift; sourceTree = "<group>"; };
		93635853283AD51F004A02CE /* ViewController.swift */ = {isa = PBXFileReference; lastKnownFileType = sourcecode.swift; path = ViewController.swift; sourceTree = "<group>"; };
		93635856283AD51F004A02CE /* Base */ = {isa = PBXFileReference; lastKnownFileType = file.storyboard; name = Base; path = Base.lproj/Main.storyboard; sourceTree = "<group>"; };
		93635858283AD523004A02CE /* Assets.xcassets */ = {isa = PBXFileReference; lastKnownFileType = folder.assetcatalog; path = Assets.xcassets; sourceTree = "<group>"; };
		9363585B283AD523004A02CE /* Base */ = {isa = PBXFileReference; lastKnownFileType = file.storyboard; name = Base; path = Base.lproj/LaunchScreen.storyboard; sourceTree = "<group>"; };
		9363585D283AD523004A02CE /* Info.plist */ = {isa = PBXFileReference; lastKnownFileType = text.plist.xml; path = Info.plist; sourceTree = "<group>"; };
		9363E0E92857F149006F3953 /* SectionTitleView.swift */ = {isa = PBXFileReference; lastKnownFileType = sourcecode.swift; path = SectionTitleView.swift; sourceTree = "<group>"; };
		93EE18A0283F999600841F80 /* PlayListModel.swift */ = {isa = PBXFileReference; lastKnownFileType = sourcecode.swift; path = PlayListModel.swift; sourceTree = "<group>"; };
		93EE18A2283F9FC400841F80 /* VideoModel.swift */ = {isa = PBXFileReference; lastKnownFileType = sourcecode.swift; path = VideoModel.swift; sourceTree = "<group>"; };
		93EE18A52840D24500841F80 /* RootPageViewController.swift */ = {isa = PBXFileReference; lastKnownFileType = sourcecode.swift; path = RootPageViewController.swift; sourceTree = "<group>"; };
		93EE18A72840D28100841F80 /* MainViewController.swift */ = {isa = PBXFileReference; lastKnownFileType = sourcecode.swift; path = MainViewController.swift; sourceTree = "<group>"; };
		93EE18AA2840D4FA00841F80 /* HomeViewController.swift */ = {isa = PBXFileReference; lastKnownFileType = sourcecode.swift; path = HomeViewController.swift; sourceTree = "<group>"; };
		93EE18AB2840D4FA00841F80 /* HomeViewController.xib */ = {isa = PBXFileReference; lastKnownFileType = file.xib; path = HomeViewController.xib; sourceTree = "<group>"; };
		93EE18B12840D55200841F80 /* VideosViewController.swift */ = {isa = PBXFileReference; lastKnownFileType = sourcecode.swift; path = VideosViewController.swift; sourceTree = "<group>"; };
		93EE18B22840D55200841F80 /* VideosViewController.xib */ = {isa = PBXFileReference; lastKnownFileType = file.xib; path = VideosViewController.xib; sourceTree = "<group>"; };
		93EE18B62840D5B900841F80 /* PlayListViewController.swift */ = {isa = PBXFileReference; lastKnownFileType = sourcecode.swift; path = PlayListViewController.swift; sourceTree = "<group>"; };
		93EE18B72840D5B900841F80 /* PlayListViewController.xib */ = {isa = PBXFileReference; lastKnownFileType = file.xib; path = PlayListViewController.xib; sourceTree = "<group>"; };
		93EE18BB2840D61800841F80 /* ChannelsViewController.swift */ = {isa = PBXFileReference; lastKnownFileType = sourcecode.swift; path = ChannelsViewController.swift; sourceTree = "<group>"; };
		93EE18BC2840D61800841F80 /* ChannelsViewController.xib */ = {isa = PBXFileReference; lastKnownFileType = file.xib; path = ChannelsViewController.xib; sourceTree = "<group>"; };
		93EE18C02840D65500841F80 /* AboutViewController.swift */ = {isa = PBXFileReference; lastKnownFileType = sourcecode.swift; path = AboutViewController.swift; sourceTree = "<group>"; };
		93EE18C12840D65500841F80 /* AboutViewController.xib */ = {isa = PBXFileReference; lastKnownFileType = file.xib; path = AboutViewController.xib; sourceTree = "<group>"; };
		93EE18C52844FBBF00841F80 /* ServiceLayer.swift */ = {isa = PBXFileReference; lastKnownFileType = sourcecode.swift; path = ServiceLayer.swift; sourceTree = "<group>"; };
		93EE18C72844FBDC00841F80 /* NetworkError.swift */ = {isa = PBXFileReference; lastKnownFileType = sourcecode.swift; path = NetworkError.swift; sourceTree = "<group>"; };
		93EE18C92844FC0900841F80 /* RequestModel.swift */ = {isa = PBXFileReference; lastKnownFileType = sourcecode.swift; path = RequestModel.swift; sourceTree = "<group>"; };
		93EE18CC2844FEC900841F80 /* Constants.swift */ = {isa = PBXFileReference; lastKnownFileType = sourcecode.swift; path = Constants.swift; sourceTree = "<group>"; };
		93EE18D22845552B00841F80 /* HomeProvider.swift */ = {isa = PBXFileReference; lastKnownFileType = sourcecode.swift; path = HomeProvider.swift; sourceTree = "<group>"; };
		93EE18D42845577000841F80 /* HomePresenter.swift */ = {isa = PBXFileReference; lastKnownFileType = sourcecode.swift; path = HomePresenter.swift; sourceTree = "<group>"; };
		93EE18D62845624600841F80 /* ChannelModel.swift */ = {isa = PBXFileReference; lastKnownFileType = sourcecode.swift; path = ChannelModel.swift; sourceTree = "<group>"; };
		93EE18D8284564AE00841F80 /* PlayListItemModel.swift */ = {isa = PBXFileReference; lastKnownFileType = sourcecode.swift; path = PlayListItemModel.swift; sourceTree = "<group>"; };
		93EE18DA2846726800841F80 /* HomeProviderMock.swift */ = {isa = PBXFileReference; lastKnownFileType = sourcecode.swift; path = HomeProviderMock.swift; sourceTree = "<group>"; };
		93EE18DD284672C200841F80 /* Helpers.swift */ = {isa = PBXFileReference; lastKnownFileType = sourcecode.swift; path = Helpers.swift; sourceTree = "<group>"; };
		93EE18E02846747200841F80 /* Channel.json */ = {isa = PBXFileReference; lastKnownFileType = text.json; path = Channel.json; sourceTree = "<group>"; };
		93EE18E22846749400841F80 /* PlayList.json */ = {isa = PBXFileReference; lastKnownFileType = text.json; path = PlayList.json; sourceTree = "<group>"; };
		93EE18E52846751400841F80 /* SearchVideos.json */ = {isa = PBXFileReference; lastKnownFileType = text.json; path = SearchVideos.json; sourceTree = "<group>"; };
		93EE18E92846756100841F80 /* PlayListItems.json */ = {isa = PBXFileReference; lastKnownFileType = text.json; path = PlayListItems.json; sourceTree = "<group>"; };
		93EE18EB2846769500841F80 /* Videos.json */ = {isa = PBXFileReference; lastKnownFileType = text.json; path = Videos.json; sourceTree = "<group>"; };
		93EE18EC28467BE200841F80 /* MockManager.swift */ = {isa = PBXFileReference; lastKnownFileType = sourcecode.swift; path = MockManager.swift; sourceTree = "<group>"; };
		93EE18EF2848075F00841F80 /* ChannelCell.swift */ = {isa = PBXFileReference; lastKnownFileType = sourcecode.swift; path = ChannelCell.swift; sourceTree = "<group>"; };
		93EE18F02848075F00841F80 /* ChannelCell.xib */ = {isa = PBXFileReference; lastKnownFileType = file.xib; path = ChannelCell.xib; sourceTree = "<group>"; };
		93EE18F3284807BD00841F80 /* VideoCell.swift */ = {isa = PBXFileReference; lastKnownFileType = sourcecode.swift; path = VideoCell.swift; sourceTree = "<group>"; };
		93EE18F4284807BD00841F80 /* VideoCell.xib */ = {isa = PBXFileReference; lastKnownFileType = file.xib; path = VideoCell.xib; sourceTree = "<group>"; };
		93EE18F7284807D500841F80 /* PlayListCell.swift */ = {isa = PBXFileReference; lastKnownFileType = sourcecode.swift; path = PlayListCell.swift; sourceTree = "<group>"; };
		93EE18F8284807D500841F80 /* PlayListCell.xib */ = {isa = PBXFileReference; lastKnownFileType = file.xib; path = PlayListCell.xib; sourceTree = "<group>"; };
		9A9177D696DDC53DA1DD107A /* Pods_YouTubeClone.framework */ = {isa = PBXFileReference; explicitFileType = wrapper.framework; includeInIndex = 0; path = Pods_YouTubeClone.framework; sourceTree = BUILT_PRODUCTS_DIR; };
		EA68751778E0EE19F55B6019 /* Pods-YouTubeClone.release.xcconfig */ = {isa = PBXFileReference; includeInIndex = 1; lastKnownFileType = text.xcconfig; name = "Pods-YouTubeClone.release.xcconfig"; path = "Target Support Files/Pods-YouTubeClone/Pods-YouTubeClone.release.xcconfig"; sourceTree = "<group>"; };
/* End PBXFileReference section */

/* Begin PBXFrameworksBuildPhase section */
		93635849283AD51F004A02CE /* Frameworks */ = {
			isa = PBXFrameworksBuildPhase;
			buildActionMask = 2147483647;
			files = (
				F8BA77C41EBEDB29F760DD45 /* Pods_YouTubeClone.framework in Frameworks */,
			);
			runOnlyForDeploymentPostprocessing = 0;
		};
/* End PBXFrameworksBuildPhase section */

/* Begin PBXGroup section */
		00261AB2264B6B06D0CD7BF4 /* Pods */ = {
			isa = PBXGroup;
			children = (
				7F80DD3C90C160C57BBB88E5 /* Pods-YouTubeClone.debug.xcconfig */,
				EA68751778E0EE19F55B6019 /* Pods-YouTubeClone.release.xcconfig */,
			);
			path = Pods;
			sourceTree = "<group>";
		};
		93635843283AD51F004A02CE = {
			isa = PBXGroup;
			children = (
				9363584E283AD51F004A02CE /* YouTubeClone */,
				9363584D283AD51F004A02CE /* Products */,
				00261AB2264B6B06D0CD7BF4 /* Pods */,
				ADB172F38B0F581C65369671 /* Frameworks */,
			);
			sourceTree = "<group>";
		};
		9363584D283AD51F004A02CE /* Products */ = {
			isa = PBXGroup;
			children = (
				9363584C283AD51F004A02CE /* YouTubeClone.app */,
			);
			name = Products;
			sourceTree = "<group>";
		};
		9363584E283AD51F004A02CE /* YouTubeClone */ = {
			isa = PBXGroup;
			children = (
				93EE18CB2844FEB600841F80 /* Utils */,
				93EE18C42844FB8200841F80 /* ServiceLayer */,
				93EE18BF2840D62600841F80 /* About */,
				93EE18BA2840D5C200841F80 /* Channels */,
				93EE18B52840D55D00841F80 /* PlayList */,
				93EE18AE2840D51000841F80 /* Videos */,
				93EE18A92840D4D200841F80 /* Home */,
				93EE18A42840D1F300841F80 /* Main */,
				93EE189F283F995D00841F80 /* Model */,
				9363584F283AD51F004A02CE /* AppDelegate.swift */,
				93635851283AD51F004A02CE /* SceneDelegate.swift */,
				93635853283AD51F004A02CE /* ViewController.swift */,
				93635855283AD51F004A02CE /* Main.storyboard */,
				93635858283AD523004A02CE /* Assets.xcassets */,
				9363585A283AD523004A02CE /* LaunchScreen.storyboard */,
				9363585D283AD523004A02CE /* Info.plist */,
			);
			path = YouTubeClone;
			sourceTree = "<group>";
		};
		93EE189F283F995D00841F80 /* Model */ = {
			isa = PBXGroup;
			children = (
				93EE18A0283F999600841F80 /* PlayListModel.swift */,
				93EE18A2283F9FC400841F80 /* VideoModel.swift */,
				93EE18D62845624600841F80 /* ChannelModel.swift */,
				93EE18D8284564AE00841F80 /* PlayListItemModel.swift */,
			);
			path = Model;
			sourceTree = "<group>";
		};
		93EE18A42840D1F300841F80 /* Main */ = {
			isa = PBXGroup;
			children = (
				93EE18A52840D24500841F80 /* RootPageViewController.swift */,
				93EE18A72840D28100841F80 /* MainViewController.swift */,
			);
			path = Main;
			sourceTree = "<group>";
		};
		93EE18A92840D4D200841F80 /* Home */ = {
			isa = PBXGroup;
			children = (
				93EE18D0284554E900841F80 /* Model */,
				93EE18CF284554DC00841F80 /* View */,
				93EE18CE284554BD00841F80 /* Presenter */,
			);
			path = Home;
			sourceTree = "<group>";
		};
		93EE18AE2840D51000841F80 /* Videos */ = {
			isa = PBXGroup;
			children = (
				93EE18B12840D55200841F80 /* VideosViewController.swift */,
				93EE18B22840D55200841F80 /* VideosViewController.xib */,
			);
			path = Videos;
			sourceTree = "<group>";
		};
		93EE18B52840D55D00841F80 /* PlayList */ = {
			isa = PBXGroup;
			children = (
				93EE18B62840D5B900841F80 /* PlayListViewController.swift */,
				93EE18B72840D5B900841F80 /* PlayListViewController.xib */,
			);
			path = PlayList;
			sourceTree = "<group>";
		};
		93EE18BA2840D5C200841F80 /* Channels */ = {
			isa = PBXGroup;
			children = (
				93EE18BB2840D61800841F80 /* ChannelsViewController.swift */,
				93EE18BC2840D61800841F80 /* ChannelsViewController.xib */,
			);
			path = Channels;
			sourceTree = "<group>";
		};
		93EE18BF2840D62600841F80 /* About */ = {
			isa = PBXGroup;
			children = (
				93EE18C02840D65500841F80 /* AboutViewController.swift */,
				93EE18C12840D65500841F80 /* AboutViewController.xib */,
			);
			path = About;
			sourceTree = "<group>";
		};
		93EE18C42844FB8200841F80 /* ServiceLayer */ = {
			isa = PBXGroup;
			children = (
				93EE18C52844FBBF00841F80 /* ServiceLayer.swift */,
				93EE18C72844FBDC00841F80 /* NetworkError.swift */,
				93EE18C92844FC0900841F80 /* RequestModel.swift */,
			);
			path = ServiceLayer;
			sourceTree = "<group>";
		};
		93EE18CB2844FEB600841F80 /* Utils */ = {
			isa = PBXGroup;
			children = (
				93EE18DC284672A200841F80 /* Mocks */,
				93EE18CC2844FEC900841F80 /* Constants.swift */,
				93EE18DD284672C200841F80 /* Helpers.swift */,
				93EE18EC28467BE200841F80 /* MockManager.swift */,
			);
			path = Utils;
			sourceTree = "<group>";
		};
		93EE18CE284554BD00841F80 /* Presenter */ = {
			isa = PBXGroup;
			children = (
				93EE18D42845577000841F80 /* HomePresenter.swift */,
			);
			path = Presenter;
			sourceTree = "<group>";
		};
		93EE18CF284554DC00841F80 /* View */ = {
			isa = PBXGroup;
			children = (
				93EE18EE2847B0DB00841F80 /* CustomCells */,
				93EE18AA2840D4FA00841F80 /* HomeViewController.swift */,
				93EE18AB2840D4FA00841F80 /* HomeViewController.xib */,
			);
			path = View;
			sourceTree = "<group>";
		};
		93EE18D0284554E900841F80 /* Model */ = {
			isa = PBXGroup;
			children = (
				93EE18D12845550900841F80 /* Provider */,
			);
			path = Model;
			sourceTree = "<group>";
		};
		93EE18D12845550900841F80 /* Provider */ = {
			isa = PBXGroup;
			children = (
				93EE18D22845552B00841F80 /* HomeProvider.swift */,
				93EE18DA2846726800841F80 /* HomeProviderMock.swift */,
			);
			path = Provider;
			sourceTree = "<group>";
		};
		93EE18DC284672A200841F80 /* Mocks */ = {
			isa = PBXGroup;
			children = (
				93EE18E02846747200841F80 /* Channel.json */,
				93EE18E22846749400841F80 /* PlayList.json */,
				93EE18E52846751400841F80 /* SearchVideos.json */,
				93EE18E92846756100841F80 /* PlayListItems.json */,
				93EE18EB2846769500841F80 /* Videos.json */,
			);
			path = Mocks;
			sourceTree = "<group>";
		};
		93EE18EE2847B0DB00841F80 /* CustomCells */ = {
			isa = PBXGroup;
			children = (
				93EE18EF2848075F00841F80 /* ChannelCell.swift */,
				93EE18F02848075F00841F80 /* ChannelCell.xib */,
				93EE18F3284807BD00841F80 /* VideoCell.swift */,
				93EE18F4284807BD00841F80 /* VideoCell.xib */,
				93EE18F7284807D500841F80 /* PlayListCell.swift */,
				93EE18F8284807D500841F80 /* PlayListCell.xib */,
				9363E0E92857F149006F3953 /* SectionTitleView.swift */,
			);
			path = CustomCells;
			sourceTree = "<group>";
		};
		ADB172F38B0F581C65369671 /* Frameworks */ = {
			isa = PBXGroup;
			children = (
				9A9177D696DDC53DA1DD107A /* Pods_YouTubeClone.framework */,
			);
			name = Frameworks;
			sourceTree = "<group>";
		};
/* End PBXGroup section */

/* Begin PBXNativeTarget section */
		9363584B283AD51F004A02CE /* YouTubeClone */ = {
			isa = PBXNativeTarget;
			buildConfigurationList = 93635860283AD523004A02CE /* Build configuration list for PBXNativeTarget "YouTubeClone" */;
			buildPhases = (
				CA22FAA173E6CD1EE1E02DB8 /* [CP] Check Pods Manifest.lock */,
				93635848283AD51F004A02CE /* Sources */,
				93635849283AD51F004A02CE /* Frameworks */,
				9363584A283AD51F004A02CE /* Resources */,
				66E12C00CDDF98F99F8FA1F0 /* [CP] Embed Pods Frameworks */,
			);
			buildRules = (
			);
			dependencies = (
			);
			name = YouTubeClone;
			productName = YouTubeClone;
			productReference = 9363584C283AD51F004A02CE /* YouTubeClone.app */;
			productType = "com.apple.product-type.application";
		};
/* End PBXNativeTarget section */

/* Begin PBXProject section */
		93635844283AD51F004A02CE /* Project object */ = {
			isa = PBXProject;
			attributes = {
				BuildIndependentTargetsInParallel = 1;
				LastSwiftUpdateCheck = 1340;
				LastUpgradeCheck = 1340;
				TargetAttributes = {
					9363584B283AD51F004A02CE = {
						CreatedOnToolsVersion = 13.4;
					};
				};
			};
			buildConfigurationList = 93635847283AD51F004A02CE /* Build configuration list for PBXProject "YouTubeClone" */;
			compatibilityVersion = "Xcode 13.0";
			developmentRegion = en;
			hasScannedForEncodings = 0;
			knownRegions = (
				en,
				Base,
			);
			mainGroup = 93635843283AD51F004A02CE;
			productRefGroup = 9363584D283AD51F004A02CE /* Products */;
			projectDirPath = "";
			projectRoot = "";
			targets = (
				9363584B283AD51F004A02CE /* YouTubeClone */,
			);
		};
/* End PBXProject section */

/* Begin PBXResourcesBuildPhase section */
		9363584A283AD51F004A02CE /* Resources */ = {
			isa = PBXResourcesBuildPhase;
			buildActionMask = 2147483647;
			files = (
				9363585C283AD523004A02CE /* LaunchScreen.storyboard in Resources */,
				93EE18E12846747200841F80 /* Channel.json in Resources */,
				93EE18F22848075F00841F80 /* ChannelCell.xib in Resources */,
				93635859283AD523004A02CE /* Assets.xcassets in Resources */,
				93EE18C32840D65500841F80 /* AboutViewController.xib in Resources */,
				93EE18B42840D55200841F80 /* VideosViewController.xib in Resources */,
				93635857283AD51F004A02CE /* Main.storyboard in Resources */,
				93EE18B92840D5B900841F80 /* PlayListViewController.xib in Resources */,
				93EE18E32846749400841F80 /* PlayList.json in Resources */,
				93EE18F6284807BD00841F80 /* VideoCell.xib in Resources */,
				93EE18FA284807D500841F80 /* PlayListCell.xib in Resources */,
				93EE18AD2840D4FA00841F80 /* HomeViewController.xib in Resources */,
				93EE18BE2840D61800841F80 /* ChannelsViewController.xib in Resources */,
				93EE18EA2846756100841F80 /* PlayListItems.json in Resources */,
				93EE18E62846751400841F80 /* SearchVideos.json in Resources */,
			);
			runOnlyForDeploymentPostprocessing = 0;
		};
/* End PBXResourcesBuildPhase section */

/* Begin PBXShellScriptBuildPhase section */
		66E12C00CDDF98F99F8FA1F0 /* [CP] Embed Pods Frameworks */ = {
			isa = PBXShellScriptBuildPhase;
			buildActionMask = 2147483647;
			files = (
			);
			inputFileListPaths = (
				"${PODS_ROOT}/Target Support Files/Pods-YouTubeClone/Pods-YouTubeClone-frameworks-${CONFIGURATION}-input-files.xcfilelist",
			);
			name = "[CP] Embed Pods Frameworks";
			outputFileListPaths = (
				"${PODS_ROOT}/Target Support Files/Pods-YouTubeClone/Pods-YouTubeClone-frameworks-${CONFIGURATION}-output-files.xcfilelist",
			);
			runOnlyForDeploymentPostprocessing = 0;
			shellPath = /bin/sh;
			shellScript = "\"${PODS_ROOT}/Target Support Files/Pods-YouTubeClone/Pods-YouTubeClone-frameworks.sh\"\n";
			showEnvVarsInLog = 0;
		};
		CA22FAA173E6CD1EE1E02DB8 /* [CP] Check Pods Manifest.lock */ = {
			isa = PBXShellScriptBuildPhase;
			buildActionMask = 2147483647;
			files = (
			);
			inputFileListPaths = (
			);
			inputPaths = (
				"${PODS_PODFILE_DIR_PATH}/Podfile.lock",
				"${PODS_ROOT}/Manifest.lock",
			);
			name = "[CP] Check Pods Manifest.lock";
			outputFileListPaths = (
			);
			outputPaths = (
				"$(DERIVED_FILE_DIR)/Pods-YouTubeClone-checkManifestLockResult.txt",
			);
			runOnlyForDeploymentPostprocessing = 0;
			shellPath = /bin/sh;
			shellScript = "diff \"${PODS_PODFILE_DIR_PATH}/Podfile.lock\" \"${PODS_ROOT}/Manifest.lock\" > /dev/null\nif [ $? != 0 ] ; then\n    # print error to STDERR\n    echo \"error: The sandbox is not in sync with the Podfile.lock. Run 'pod install' or update your CocoaPods installation.\" >&2\n    exit 1\nfi\n# This output is used by Xcode 'outputs' to avoid re-running this script phase.\necho \"SUCCESS\" > \"${SCRIPT_OUTPUT_FILE_0}\"\n";
			showEnvVarsInLog = 0;
		};
/* End PBXShellScriptBuildPhase section */

/* Begin PBXSourcesBuildPhase section */
		93635848283AD51F004A02CE /* Sources */ = {
			isa = PBXSourcesBuildPhase;
			buildActionMask = 2147483647;
			files = (
				93EE18B82840D5B900841F80 /* PlayListViewController.swift in Sources */,
				93EE18C82844FBDC00841F80 /* NetworkError.swift in Sources */,
				93EE18B32840D55200841F80 /* VideosViewController.swift in Sources */,
				93EE18A82840D28100841F80 /* MainViewController.swift in Sources */,
				93635854283AD51F004A02CE /* ViewController.swift in Sources */,
				93EE18F5284807BD00841F80 /* VideoCell.swift in Sources */,
				93EE18CA2844FC0900841F80 /* RequestModel.swift in Sources */,
				93EE18DB2846726800841F80 /* HomeProviderMock.swift in Sources */,
				93EE18C62844FBBF00841F80 /* ServiceLayer.swift in Sources */,
				93EE18CD2844FEC900841F80 /* Constants.swift in Sources */,
				93EE18A1283F999600841F80 /* PlayListModel.swift in Sources */,
				93EE18BD2840D61800841F80 /* ChannelsViewController.swift in Sources */,
				93EE18ED28467BE200841F80 /* MockManager.swift in Sources */,
				93EE18C22840D65500841F80 /* AboutViewController.swift in Sources */,
				93EE18F12848075F00841F80 /* ChannelCell.swift in Sources */,
				93EE18AC2840D4FA00841F80 /* HomeViewController.swift in Sources */,
				93635850283AD51F004A02CE /* AppDelegate.swift in Sources */,
				93EE18A62840D24500841F80 /* RootPageViewController.swift in Sources */,
				93EE18DE284672C200841F80 /* Helpers.swift in Sources */,
				93EE18F9284807D500841F80 /* PlayListCell.swift in Sources */,
				93EE18D32845552B00841F80 /* HomeProvider.swift in Sources */,
				93EE18D52845577000841F80 /* HomePresenter.swift in Sources */,
				93EE18D9284564AE00841F80 /* PlayListItemModel.swift in Sources */,
				9363E0EA2857F149006F3953 /* SectionTitleView.swift in Sources */,
				93EE18A3283F9FC400841F80 /* VideoModel.swift in Sources */,
				93EE18D72845624600841F80 /* ChannelModel.swift in Sources */,
				93635852283AD51F004A02CE /* SceneDelegate.swift in Sources */,
			);
			runOnlyForDeploymentPostprocessing = 0;
		};
/* End PBXSourcesBuildPhase section */

/* Begin PBXVariantGroup section */
		93635855283AD51F004A02CE /* Main.storyboard */ = {
			isa = PBXVariantGroup;
			children = (
				93635856283AD51F004A02CE /* Base */,
			);
			name = Main.storyboard;
			sourceTree = "<group>";
		};
		9363585A283AD523004A02CE /* LaunchScreen.storyboard */ = {
			isa = PBXVariantGroup;
			children = (
				9363585B283AD523004A02CE /* Base */,
			);
			name = LaunchScreen.storyboard;
			sourceTree = "<group>";
		};
/* End PBXVariantGroup section */

/* Begin XCBuildConfiguration section */
		9363585E283AD523004A02CE /* Debug */ = {
			isa = XCBuildConfiguration;
			buildSettings = {
				ALWAYS_SEARCH_USER_PATHS = NO;
				CLANG_ANALYZER_NONNULL = YES;
				CLANG_ANALYZER_NUMBER_OBJECT_CONVERSION = YES_AGGRESSIVE;
				CLANG_CXX_LANGUAGE_STANDARD = "gnu++17";
				CLANG_ENABLE_MODULES = YES;
				CLANG_ENABLE_OBJC_ARC = YES;
				CLANG_ENABLE_OBJC_WEAK = YES;
				CLANG_WARN_BLOCK_CAPTURE_AUTORELEASING = YES;
				CLANG_WARN_BOOL_CONVERSION = YES;
				CLANG_WARN_COMMA = YES;
				CLANG_WARN_CONSTANT_CONVERSION = YES;
				CLANG_WARN_DEPRECATED_OBJC_IMPLEMENTATIONS = YES;
				CLANG_WARN_DIRECT_OBJC_ISA_USAGE = YES_ERROR;
				CLANG_WARN_DOCUMENTATION_COMMENTS = YES;
				CLANG_WARN_EMPTY_BODY = YES;
				CLANG_WARN_ENUM_CONVERSION = YES;
				CLANG_WARN_INFINITE_RECURSION = YES;
				CLANG_WARN_INT_CONVERSION = YES;
				CLANG_WARN_NON_LITERAL_NULL_CONVERSION = YES;
				CLANG_WARN_OBJC_IMPLICIT_RETAIN_SELF = YES;
				CLANG_WARN_OBJC_LITERAL_CONVERSION = YES;
				CLANG_WARN_OBJC_ROOT_CLASS = YES_ERROR;
				CLANG_WARN_QUOTED_INCLUDE_IN_FRAMEWORK_HEADER = YES;
				CLANG_WARN_RANGE_LOOP_ANALYSIS = YES;
				CLANG_WARN_STRICT_PROTOTYPES = YES;
				CLANG_WARN_SUSPICIOUS_MOVE = YES;
				CLANG_WARN_UNGUARDED_AVAILABILITY = YES_AGGRESSIVE;
				CLANG_WARN_UNREACHABLE_CODE = YES;
				CLANG_WARN__DUPLICATE_METHOD_MATCH = YES;
				COPY_PHASE_STRIP = NO;
				DEBUG_INFORMATION_FORMAT = dwarf;
				ENABLE_STRICT_OBJC_MSGSEND = YES;
				ENABLE_TESTABILITY = YES;
				GCC_C_LANGUAGE_STANDARD = gnu11;
				GCC_DYNAMIC_NO_PIC = NO;
				GCC_NO_COMMON_BLOCKS = YES;
				GCC_OPTIMIZATION_LEVEL = 0;
				GCC_PREPROCESSOR_DEFINITIONS = (
					"DEBUG=1",
					"$(inherited)",
				);
				GCC_WARN_64_TO_32_BIT_CONVERSION = YES;
				GCC_WARN_ABOUT_RETURN_TYPE = YES_ERROR;
				GCC_WARN_UNDECLARED_SELECTOR = YES;
				GCC_WARN_UNINITIALIZED_AUTOS = YES_AGGRESSIVE;
				GCC_WARN_UNUSED_FUNCTION = YES;
				GCC_WARN_UNUSED_VARIABLE = YES;
				IPHONEOS_DEPLOYMENT_TARGET = 15.5;
				MTL_ENABLE_DEBUG_INFO = INCLUDE_SOURCE;
				MTL_FAST_MATH = YES;
				ONLY_ACTIVE_ARCH = YES;
				SDKROOT = iphoneos;
				SWIFT_ACTIVE_COMPILATION_CONDITIONS = DEBUG;
				SWIFT_OPTIMIZATION_LEVEL = "-Onone";
			};
			name = Debug;
		};
		9363585F283AD523004A02CE /* Release */ = {
			isa = XCBuildConfiguration;
			buildSettings = {
				ALWAYS_SEARCH_USER_PATHS = NO;
				CLANG_ANALYZER_NONNULL = YES;
				CLANG_ANALYZER_NUMBER_OBJECT_CONVERSION = YES_AGGRESSIVE;
				CLANG_CXX_LANGUAGE_STANDARD = "gnu++17";
				CLANG_ENABLE_MODULES = YES;
				CLANG_ENABLE_OBJC_ARC = YES;
				CLANG_ENABLE_OBJC_WEAK = YES;
				CLANG_WARN_BLOCK_CAPTURE_AUTORELEASING = YES;
				CLANG_WARN_BOOL_CONVERSION = YES;
				CLANG_WARN_COMMA = YES;
				CLANG_WARN_CONSTANT_CONVERSION = YES;
				CLANG_WARN_DEPRECATED_OBJC_IMPLEMENTATIONS = YES;
				CLANG_WARN_DIRECT_OBJC_ISA_USAGE = YES_ERROR;
				CLANG_WARN_DOCUMENTATION_COMMENTS = YES;
				CLANG_WARN_EMPTY_BODY = YES;
				CLANG_WARN_ENUM_CONVERSION = YES;
				CLANG_WARN_INFINITE_RECURSION = YES;
				CLANG_WARN_INT_CONVERSION = YES;
				CLANG_WARN_NON_LITERAL_NULL_CONVERSION = YES;
				CLANG_WARN_OBJC_IMPLICIT_RETAIN_SELF = YES;
				CLANG_WARN_OBJC_LITERAL_CONVERSION = YES;
				CLANG_WARN_OBJC_ROOT_CLASS = YES_ERROR;
				CLANG_WARN_QUOTED_INCLUDE_IN_FRAMEWORK_HEADER = YES;
				CLANG_WARN_RANGE_LOOP_ANALYSIS = YES;
				CLANG_WARN_STRICT_PROTOTYPES = YES;
				CLANG_WARN_SUSPICIOUS_MOVE = YES;
				CLANG_WARN_UNGUARDED_AVAILABILITY = YES_AGGRESSIVE;
				CLANG_WARN_UNREACHABLE_CODE = YES;
				CLANG_WARN__DUPLICATE_METHOD_MATCH = YES;
				COPY_PHASE_STRIP = NO;
				DEBUG_INFORMATION_FORMAT = "dwarf-with-dsym";
				ENABLE_NS_ASSERTIONS = NO;
				ENABLE_STRICT_OBJC_MSGSEND = YES;
				GCC_C_LANGUAGE_STANDARD = gnu11;
				GCC_NO_COMMON_BLOCKS = YES;
				GCC_WARN_64_TO_32_BIT_CONVERSION = YES;
				GCC_WARN_ABOUT_RETURN_TYPE = YES_ERROR;
				GCC_WARN_UNDECLARED_SELECTOR = YES;
				GCC_WARN_UNINITIALIZED_AUTOS = YES_AGGRESSIVE;
				GCC_WARN_UNUSED_FUNCTION = YES;
				GCC_WARN_UNUSED_VARIABLE = YES;
				IPHONEOS_DEPLOYMENT_TARGET = 15.5;
				MTL_ENABLE_DEBUG_INFO = NO;
				MTL_FAST_MATH = YES;
				SDKROOT = iphoneos;
				SWIFT_COMPILATION_MODE = wholemodule;
				SWIFT_OPTIMIZATION_LEVEL = "-O";
				VALIDATE_PRODUCT = YES;
			};
			name = Release;
		};
		93635861283AD523004A02CE /* Debug */ = {
			isa = XCBuildConfiguration;
			baseConfigurationReference = 7F80DD3C90C160C57BBB88E5 /* Pods-YouTubeClone.debug.xcconfig */;
			buildSettings = {
				ASSETCATALOG_COMPILER_APPICON_NAME = AppIcon;
				ASSETCATALOG_COMPILER_GLOBAL_ACCENT_COLOR_NAME = AccentColor;
				CODE_SIGN_STYLE = Automatic;
				CURRENT_PROJECT_VERSION = 1;
				DEVELOPMENT_TEAM = DDRFB5R3W8;
				GENERATE_INFOPLIST_FILE = YES;
				INFOPLIST_FILE = YouTubeClone/Info.plist;
				INFOPLIST_KEY_UIApplicationSupportsIndirectInputEvents = YES;
				INFOPLIST_KEY_UILaunchStoryboardName = LaunchScreen;
				INFOPLIST_KEY_UIMainStoryboardFile = Main;
				INFOPLIST_KEY_UISupportedInterfaceOrientations_iPad = "UIInterfaceOrientationPortrait UIInterfaceOrientationPortraitUpsideDown UIInterfaceOrientationLandscapeLeft UIInterfaceOrientationLandscapeRight";
				INFOPLIST_KEY_UISupportedInterfaceOrientations_iPhone = "UIInterfaceOrientationPortrait UIInterfaceOrientationLandscapeLeft UIInterfaceOrientationLandscapeRight";
				LD_RUNPATH_SEARCH_PATHS = (
					"$(inherited)",
					"@executable_path/Frameworks",
				);
				MARKETING_VERSION = 1.0;
				PRODUCT_BUNDLE_IDENTIFIER = com.hackingwithswift.YouTubeClone;
				PRODUCT_NAME = "$(TARGET_NAME)";
				SWIFT_EMIT_LOC_STRINGS = YES;
				SWIFT_VERSION = 5.0;
				TARGETED_DEVICE_FAMILY = "1,2";
			};
			name = Debug;
		};
		93635862283AD523004A02CE /* Release */ = {
			isa = XCBuildConfiguration;
			baseConfigurationReference = EA68751778E0EE19F55B6019 /* Pods-YouTubeClone.release.xcconfig */;
			buildSettings = {
				ASSETCATALOG_COMPILER_APPICON_NAME = AppIcon;
				ASSETCATALOG_COMPILER_GLOBAL_ACCENT_COLOR_NAME = AccentColor;
				CODE_SIGN_STYLE = Automatic;
				CURRENT_PROJECT_VERSION = 1;
				DEVELOPMENT_TEAM = DDRFB5R3W8;
				GENERATE_INFOPLIST_FILE = YES;
				INFOPLIST_FILE = YouTubeClone/Info.plist;
				INFOPLIST_KEY_UIApplicationSupportsIndirectInputEvents = YES;
				INFOPLIST_KEY_UILaunchStoryboardName = LaunchScreen;
				INFOPLIST_KEY_UIMainStoryboardFile = Main;
				INFOPLIST_KEY_UISupportedInterfaceOrientations_iPad = "UIInterfaceOrientationPortrait UIInterfaceOrientationPortraitUpsideDown UIInterfaceOrientationLandscapeLeft UIInterfaceOrientationLandscapeRight";
				INFOPLIST_KEY_UISupportedInterfaceOrientations_iPhone = "UIInterfaceOrientationPortrait UIInterfaceOrientationLandscapeLeft UIInterfaceOrientationLandscapeRight";
				LD_RUNPATH_SEARCH_PATHS = (
					"$(inherited)",
					"@executable_path/Frameworks",
				);
				MARKETING_VERSION = 1.0;
				PRODUCT_BUNDLE_IDENTIFIER = com.hackingwithswift.YouTubeClone;
				PRODUCT_NAME = "$(TARGET_NAME)";
				SWIFT_EMIT_LOC_STRINGS = YES;
				SWIFT_VERSION = 5.0;
				TARGETED_DEVICE_FAMILY = "1,2";
			};
			name = Release;
		};
/* End XCBuildConfiguration section */

/* Begin XCConfigurationList section */
		93635847283AD51F004A02CE /* Build configuration list for PBXProject "YouTubeClone" */ = {
			isa = XCConfigurationList;
			buildConfigurations = (
				9363585E283AD523004A02CE /* Debug */,
				9363585F283AD523004A02CE /* Release */,
			);
			defaultConfigurationIsVisible = 0;
			defaultConfigurationName = Release;
		};
		93635860283AD523004A02CE /* Build configuration list for PBXNativeTarget "YouTubeClone" */ = {
			isa = XCConfigurationList;
			buildConfigurations = (
				93635861283AD523004A02CE /* Debug */,
				93635862283AD523004A02CE /* Release */,
			);
			defaultConfigurationIsVisible = 0;
			defaultConfigurationName = Release;
		};
/* End XCConfigurationList section */
	};
	rootObject = 93635844283AD51F004A02CE /* Project object */;
}
